{
  "requires": true,
  "lockfileVersion": 1,
  "dependencies": {
    "fast-feed": {
      "version": "1.5.5",
      "resolved": "https://registry.npmjs.org/fast-feed/-/fast-feed-1.5.5.tgz",
      "integrity": "sha1-k30m4Pck63WsumevKK1vvmkPHHc=",
      "requires": {
        "nan": "2.3.5"
      }
    },
    "nan": {
      "version": "2.3.5",
      "resolved": "https://registry.npmjs.org/nan/-/nan-2.3.5.tgz",
      "integrity": "sha1-gioNwmYpDOTNOhIoLKPn42Rmigg="
    }
  }
}
